{
  "version": "5",
  "redirects": {
    "https://esm.sh/@supabase/supabase-js@2": "https://esm.sh/@supabase/supabase-js@2.112.4"
  },
  "remote": {
    "https://esm.sh/@supabase/supabase-js@2.112.4": "cfaa762b66cf8717f1b32db2699c4277aa673b39417cb9be9c0b19d9c7786bd7"
  },
  "workspace": {
    "packageJson": {
      "dependencies": [
        "npm:@dnd-kit/core@^6.3.1",
        "npm:@supabase/supabase-js@^2.112.4",
        "npm:@types/node@^24.13.3",
        "npm:@types/papaparse@^5.5.2",
        "npm:@types/react-dom@^19.2.4",
        "npm:@types/react@^19.2.18",
        "npm:@vitejs/plugin-react@^6.1.0",
        "npm:oxlint@^1.79.0",
        "npm:papaparse@^5.7.0",
        "npm:react-dom@^19.2.8",
        "npm:react-router-dom@^7.18.3",
        "npm:react@^19.2.8",
        "npm:typescript@~6.0.2",
        "npm:vite@^8.2.2"
      ]
    }
  }
}
